
Microsoft Visual Studio Solution File, Format Version 12.00
# Visual Studio 2012
Project("{FAE04EC0-301F-11D3-BF4B-00C04F79EFBC}") = "Rouge et Noir", "Rouge et Noir\Rouge et Noir.csproj", "{9E216F3B-D440-47CE-B809-059C740DE679}"
EndProject
Project("{FAE04EC0-301F-11D3-BF4B-00C04F79EFBC}") = "Model", "Model\Model.csproj", "{4C4CA56B-E9D8-41EA-8946-947EBAC89FBB}"
EndProject
Project("{FAE04EC0-301F-11D3-BF4B-00C04F79EFBC}") = "View", "View\View.csproj", "{7A8B03B0-261D-44D5-87F0-A8EABBE9F98C}"
EndProject
Global
	GlobalSection(SolutionConfigurationPlatforms) = preSolution
		Debug|Any CPU = Debug|Any CPU
		Release|Any CPU = Release|Any CPU
	EndGlobalSection
	GlobalSection(ProjectConfigurationPlatforms) = postSolution
		{9E216F3B-D440-47CE-B809-059C740DE679}.Debug|Any CPU.ActiveCfg = Debug|Any CPU
		{9E216F3B-D440-47CE-B809-059C740DE679}.Debug|Any CPU.Build.0 = Debug|Any CPU
		{9E216F3B-D440-47CE-B809-059C740DE679}.Release|Any CPU.ActiveCfg = Release|Any CPU
		{9E216F3B-D440-47CE-B809-059C740DE679}.Release|Any CPU.Build.0 = Release|Any CPU
		{4C4CA56B-E9D8-41EA-8946-947EBAC89FBB}.Debug|Any CPU.ActiveCfg = Debug|Any CPU
		{4C4CA56B-E9D8-41EA-8946-947EBAC89FBB}.Debug|Any CPU.Build.0 = Debug|Any CPU
		{4C4CA56B-E9D8-41EA-8946-947EBAC89FBB}.Release|Any CPU.ActiveCfg = Release|Any CPU
		{4C4CA56B-E9D8-41EA-8946-947EBAC89FBB}.Release|Any CPU.Build.0 = Release|Any CPU
		{7A8B03B0-261D-44D5-87F0-A8EABBE9F98C}.Debug|Any CPU.ActiveCfg = Debug|Any CPU
		{7A8B03B0-261D-44D5-87F0-A8EABBE9F98C}.Debug|Any CPU.Build.0 = Debug|Any CPU
		{7A8B03B0-261D-44D5-87F0-A8EABBE9F98C}.Release|Any CPU.ActiveCfg = Release|Any CPU
		{7A8B03B0-261D-44D5-87F0-A8EABBE9F98C}.Release|Any CPU.Build.0 = Release|Any CPU
	EndGlobalSection
	GlobalSection(SolutionProperties) = preSolution
		HideSolutionNode = FALSE
	EndGlobalSection
EndGlobal
